
Microsoft Visual Studio Solution File, Format Version 12.00
# Visual Studio Version 17
VisualStudioVersion = 17.6.33723.286
MinimumVisualStudioVersion = 10.0.40219.1
Project("{FAE04EC0-301F-11D3-BF4B-00C04F79EFBC}") = "hw31.08", "hw31.08\hw31.08.csproj", "{BECBDB30-0F7A-41C2-B95B-A5130A04736B}"
EndProject
Global
	GlobalSection(SolutionConfigurationPlatforms) = preSolution
		Debug|Any CPU = Debug|Any CPU
		Release|Any CPU = Release|Any CPU
	EndGlobalSection
	GlobalSection(ProjectConfigurationPlatforms) = postSolution
		{BECBDB30-0F7A-41C2-B95B-A5130A04736B}.Debug|Any CPU.ActiveCfg = Debug|Any CPU
		{BECBDB30-0F7A-41C2-B95B-A5130A04736B}.Debug|Any CPU.Build.0 = Debug|Any CPU
		{BECBDB30-0F7A-41C2-B95B-A5130A04736B}.Release|Any CPU.ActiveCfg = Release|Any CPU
		{BECBDB30-0F7A-41C2-B95B-A5130A04736B}.Release|Any CPU.Build.0 = Release|Any CPU
	EndGlobalSection
	GlobalSection(SolutionProperties) = preSolution
		HideSolutionNode = FALSE
	EndGlobalSection
	GlobalSection(ExtensibilityGlobals) = postSolution
		SolutionGuid = {98CDF8C7-5735-4E29-A7A6-47336C455612}
	EndGlobalSection
EndGlobal
